
Microsoft Visual Studio Solution File, Format Version 12.00
Project("{FAE04EC0-301F-11D3-BF4B-00C04F79EFBC}") = "FlverFixer", "FlverFixer\FlverFixer.csproj", "{21DEA987-EF80-410C-94D5-75748C69BDD4}"
EndProject
Global
	GlobalSection(SolutionConfigurationPlatforms) = preSolution
		Debug|Any CPU = Debug|Any CPU
		Release|Any CPU = Release|Any CPU
	EndGlobalSection
	GlobalSection(ProjectConfigurationPlatforms) = postSolution
		{21DEA987-EF80-410C-94D5-75748C69BDD4}.Release|Any CPU.ActiveCfg = Release|Any CPU
		{21DEA987-EF80-410C-94D5-75748C69BDD4}.Release|Any CPU.Build.0 = Release|Any CPU
		{21DEA987-EF80-410C-94D5-75748C69BDD4}.Debug|Any CPU.ActiveCfg = Release|Any CPU
		{21DEA987-EF80-410C-94D5-75748C69BDD4}.Debug|Any CPU.Build.0 = Release|Any CPU
	EndGlobalSection
EndGlobal
